Microsoft Visual Studio Solution File, Format Version 12.00
# Visual Studio Version 17
VisualStudioVersion = 17.0.31903.59
MinimumVisualStudioVersion = 10.0.40219.1

Project("{2150E333-8FDC-42A3-9474-1A3956D46DE8}") = "abstractions", "abstractions", "{A1B1C1D1-1111-4111-B111-E11111111111}"
EndProject
Project("{FAE04EC0-301F-11D3-BF4B-00C04F79EFBC}") = "EFCore.Migrations.Abstractions", "src/abstractions/EFCore.Migrations.Abstractions/EFCore.Migrations.Abstractions.csproj", "{B1B1C1D1-2222-4222-B222-E22222222222}"
EndProject

Project("{2150E333-8FDC-42A3-9474-1A3956D46DE8}") = "auto-comments", "auto-comments", "{A2B2C2D2-1111-4111-B111-E11111111111}"
EndProject
Project("{FAE04EC0-301F-11D3-BF4B-00C04F79EFBC}") = "EFCore.Migrations.AutoComments", "src/auto-comments/EFCore.Migrations.AutoComments/EFCore.Migrations.AutoComments.csproj", "{B2B2C2D2-2222-4222-B222-E22222222222}"
EndProject

Project("{2150E333-8FDC-42A3-9474-1A3956D46DE8}") = "custom-sql", "custom-sql", "{A3B3C3D3-1111-4111-B111-E11111111111}"
EndProject
Project("{FAE04EC0-301F-11D3-BF4B-00C04F79EFBC}") = "EFCore.Migrations.CustomSql", "src/custom-sql/EFCore.Migrations.CustomSql/EFCore.Migrations.CustomSql.csproj", "{B3B3C3D3-2222-4222-B222-E22222222222}"
EndProject

Project("{2150E333-8FDC-42A3-9474-1A3956D46DE8}") = "custom-triggers", "custom-triggers", "{A4B4C4D4-1111-4111-B111-E11111111111}"
EndProject
Project("{FAE04EC0-301F-11D3-BF4B-00C04F79EFBC}") = "EFCore.Migrations.Triggers", "src/custom-triggers/EFCore.Migrations.Triggers/EFCore.Migrations.Triggers.csproj", "{B4B4C4D4-2222-4222-B222-E22222222222}"
EndProject

Project("{2150E333-8FDC-42A3-9474-1A3956D46DE8}") = "providers", "providers", "{A5B5C5D5-1111-4111-B111-E11111111111}"
EndProject
Project("{FAE04EC0-301F-11D3-BF4B-00C04F79EFBC}") = "EFCore.Migrations.Triggers.PostgreSQL", "src/custom-triggers/providers/EFCore.Migrations.Triggers.PostgreSQL/EFCore.Migrations.Triggers.PostgreSQL.csproj", "{B5B5C5D5-2222-4222-B222-E22222222222}"
EndProject
Project("{FAE04EC0-301F-11D3-BF4B-00C04F79EFBC}") = "EFCore.Migrations.Triggers.SqlServer", "src/custom-triggers/providers/EFCore.Migrations.Triggers.SqlServer/EFCore.Migrations.Triggers.SqlServer.csproj", "{B6B6C6D6-2222-4222-B222-E22222222222}"
EndProject

Project("{2150E333-8FDC-42A3-9474-1A3956D46DE8}") = "tests", "tests", "{A6B6C6D6-1111-4111-B111-E11111111111}"
EndProject
Project("{FAE04EC0-301F-11D3-BF4B-00C04F79EFBC}") = "EFCore.Migrations.Toolkit.Tests", "tests/EFCore.Migrations.Toolkit.Tests/EFCore.Migrations.Toolkit.Tests.csproj", "{B7B7C7D7-2222-4222-B222-E22222222222}"
EndProject

Global
	GlobalSection(SolutionConfigurationPlatforms) = preSolution
		Debug|Any CPU = Debug|Any CPU
		Release|Any CPU = Release|Any CPU
	EndGlobalSection
	GlobalSection(ProjectConfigurationPlatforms) = postSolution
		{B1B1C1D1-2222-4222-B222-E22222222222}.Debug|Any CPU.ActiveCfg = Debug|Any CPU
		{B1B1C1D1-2222-4222-B222-E22222222222}.Debug|Any CPU.Build.0 = Debug|Any CPU
		{B1B1C1D1-2222-4222-B222-E22222222222}.Release|Any CPU.ActiveCfg = Release|Any CPU
		{B1B1C1D1-2222-4222-B222-E22222222222}.Release|Any CPU.Build.0 = Release|Any CPU
		{B2B2C2D2-2222-4222-B222-E22222222222}.Debug|Any CPU.ActiveCfg = Debug|Any CPU
		{B2B2C2D2-2222-4222-B222-E22222222222}.Debug|Any CPU.Build.0 = Debug|Any CPU
		{B2B2C2D2-2222-4222-B222-E22222222222}.Release|Any CPU.ActiveCfg = Release|Any CPU
		{B2B2C2D2-2222-4222-B222-E22222222222}.Release|Any CPU.Build.0 = Release|Any CPU
		{B3B3C3D3-2222-4222-B222-E22222222222}.Debug|Any CPU.ActiveCfg = Debug|Any CPU
		{B3B3C3D3-2222-4222-B222-E22222222222}.Debug|Any CPU.Build.0 = Debug|Any CPU
		{B3B3C3D3-2222-4222-B222-E22222222222}.Release|Any CPU.ActiveCfg = Release|Any CPU
		{B3B3C3D3-2222-4222-B222-E22222222222}.Release|Any CPU.Build.0 = Release|Any CPU
		{B4B4C4D4-2222-4222-B222-E22222222222}.Debug|Any CPU.ActiveCfg = Debug|Any CPU
		{B4B4C4D4-2222-4222-B222-E22222222222}.Debug|Any CPU.Build.0 = Debug|Any CPU
		{B4B4C4D4-2222-4222-B222-E22222222222}.Release|Any CPU.ActiveCfg = Release|Any CPU
		{B4B4C4D4-2222-4222-B222-E22222222222}.Release|Any CPU.Build.0 = Release|Any CPU
		{B5B5C5D5-2222-4222-B222-E22222222222}.Debug|Any CPU.ActiveCfg = Debug|Any CPU
		{B5B5C5D5-2222-4222-B222-E22222222222}.Debug|Any CPU.Build.0 = Debug|Any CPU
		{B5B5C5D5-2222-4222-B222-E22222222222}.Release|Any CPU.ActiveCfg = Release|Any CPU
		{B5B5C5D5-2222-4222-B222-E22222222222}.Release|Any CPU.Build.0 = Release|Any CPU
		{B6B6C6D6-2222-4222-B222-E22222222222}.Debug|Any CPU.ActiveCfg = Debug|Any CPU
		{B6B6C6D6-2222-4222-B222-E22222222222}.Debug|Any CPU.Build.0 = Debug|Any CPU
		{B6B6C6D6-2222-4222-B222-E22222222222}.Release|Any CPU.ActiveCfg = Release|Any CPU
		{B6B6C6D6-2222-4222-B222-E22222222222}.Release|Any CPU.Build.0 = Release|Any CPU
		{B7B7C7D7-2222-4222-B222-E22222222222}.Debug|Any CPU.ActiveCfg = Debug|Any CPU
		{B7B7C7D7-2222-4222-B222-E22222222222}.Debug|Any CPU.Build.0 = Debug|Any CPU
		{B7B7C7D7-2222-4222-B222-E22222222222}.Release|Any CPU.ActiveCfg = Release|Any CPU
		{B7B7C7D7-2222-4222-B222-E22222222222}.Release|Any CPU.Build.0 = Release|Any CPU
	EndGlobalSection
	GlobalSection(NestedProjects) = preSolution
		{B1B1C1D1-2222-4222-B222-E22222222222} = {A1B1C1D1-1111-4111-B111-E11111111111}
		{B2B2C2D2-2222-4222-B222-E22222222222} = {A2B2C2D2-1111-4111-B111-E11111111111}
		{B3B3C3D3-2222-4222-B222-E22222222222} = {A3B3C3D3-1111-4111-B111-E11111111111}
		{B4B4C4D4-2222-4222-B222-E22222222222} = {A4B4C4D4-1111-4111-B111-E11111111111}
		{A5B5C5D5-1111-4111-B111-E11111111111} = {A4B4C4D4-1111-4111-B111-E11111111111}
		{B5B5C5D5-2222-4222-B222-E22222222222} = {A5B5C5D5-1111-4111-B111-E11111111111}
		{B6B6C6D6-2222-4222-B222-E22222222222} = {A5B5C5D5-1111-4111-B111-E11111111111}
		{B7B7C7D7-2222-4222-B222-E22222222222} = {A6B6C6D6-1111-4111-B111-E11111111111}
	EndGlobalSection
EndGlobal